# This file is autogenerated, do not edit; changes may be undone by the next 'dep ensure'.


[[projects]]
  name = "github.com/BurntSushi/toml"
  packages = ["."]
  revision = "bbd5bb678321a0d6e58f1099321dfa73391c1b6f"
  version = "v0.2.0"

[solve-meta]
  analyzer-name = "dep"
  analyzer-version = 1
  inputs-digest = "9fd144de0cc448be93418c927b5ce2a70e03ec7f260fa7e0867f970ff121c7d7"
  solver-name = "gps-cdcl"
  solver-version = 1
