bitbucket.org/bigwhite/m2 v1.0.0 h1:m2cxtGv7gI724QRHrnHt54bVa2u8e0pphaguw+NkyzY=
bitbucket.org/bigwhite/m2 v1.0.0/go.mod h1:5YUR6DYZ0c+awRd2c1X/RSKU/Jd/BVUvDgGmANj7/wQ=
bitbucket.org/bigwhite/m2 v1.0.1 h1:ztlc+rbp1WIcFbNm8I0TqU/ITqSyNIH0HkY2LnzUTQQ=
bitbucket.org/bigwhite/m2 v1.0.1/go.mod h1:5YUR6DYZ0c+awRd2c1X/RSKU/Jd/BVUvDgGmANj7/wQ=
bitbucket.org/bigwhite/m2 v1.0.2 h1:9rRHzvnRQ0PE+Dmz8PiCz3/JCv+ijPTzK9ZrYYuB59U=
bitbucket.org/bigwhite/m2 v1.0.2/go.mod h1:wEzPjWlOIY8ROOLW3Kb6/AfZDqXt3Y7x3+iXiBl+qSU=
