github.com/google/go-cmp v0.7.0 h1:wk8382ETsv4JYUZwIsn6YpYiWiBsYLSJiTsyBybVuN8=
github.com/google/go-cmp v0.7.0/go.mod h1:pXiqmnSA92OHEEa9HXL2W4E7lf9JzCmGVUdgjX3N/iU=
github.com/modelcontextprotocol/go-sdk v0.1.0 h1:ItzbFWYNt4EHcUrScX7P8JPASn1FVYb29G773Xkl+IU=
github.com/modelcontextprotocol/go-sdk v0.1.0/go.mod h1:DcXfbr7yl7e35oMpzHfKw2nUYRjhIGS2uou/6tdsTB0=
golang.org/x/tools v0.34.0 h1:qIpSLOxeCYGg9TrcJokLBG4KFA6d795g0xkBkiESGlo=
golang.org/x/tools v0.34.0/go.mod h1:pAP9OwEaY1CAW3HOmg3hLZC5Z0CCmzjAF2UQMSqNARg=
