filippo.io/edwards25519 v1.1.0 h1:FNf4tywRC1HmFuKW5xopWpigGjJKiJSV0Cqo0cJWDaA=
filippo.io/edwards25519 v1.1.0/go.mod h1:BxyFTGdWcka3PhytdK4V28tE5sGfRvvvRV7EaN4VDT4=
github.com/go-sql-driver/mysql v1.8.1 h1:LedoTUt/eveggdHS9qUFC1EFSa8bU2+1pZjSRpvNJ1Y=
github.com/go-sql-driver/mysql v1.8.1/go.mod h1:wEBSXgmK//2ZFJyE+qWnIsVGmvmEKlqwuVSjsCm7DZg=
github.com/sqlc-dev/sqlc v1.26.0 h1:bW6TA1vVdi2lfqsEddN5tSznRMYcWez7hf+AOqSiEp8=
github.com/sqlc-dev/sqlc v1.26.0/go.mod h1:k2F3RWilLCup3D0XufrzZENCyXjtplALmHDmOt4v5bs=
